
Microsoft Visual Studio Solution File, Format Version 12.00
# Visual Studio 15
Project("{FAE04EC0-301F-11D3-BF4B-00C04F79EFBC}") = "Assembly-CSharp", "Assembly-CSharp.csproj", "{3F33E573-7DF0-6C7E-F4C9-0272A189373F}"
EndProject
Project("{FAE04EC0-301F-11D3-BF4B-00C04F79EFBC}") = "WorldBuildingRuntime", "WorldBuildingRuntime.csproj", "{3040A36A-D854-7D23-DCFA-2D23D244FE40}"
EndProject
Project("{FAE04EC0-301F-11D3-BF4B-00C04F79EFBC}") = "NavMeshComponents", "NavMeshComponents.csproj", "{9360A97C-713B-DB8D-13B7-0E684E0C45B8}"
EndProject
Project("{FAE04EC0-301F-11D3-BF4B-00C04F79EFBC}") = "SimpleSFXRuntime", "SimpleSFXRuntime.csproj", "{8459D403-1EE4-A940-C977-FD052F6E6D33}"
EndProject
Project("{FAE04EC0-301F-11D3-BF4B-00C04F79EFBC}") = "Skybox3DRuntime", "Skybox3DRuntime.csproj", "{B124F791-BA8D-2DF6-DAAD-10539AD8E034}"
EndProject
Project("{FAE04EC0-301F-11D3-BF4B-00C04F79EFBC}") = "Assembly-CSharp-Editor", "Assembly-CSharp-Editor.csproj", "{262F12A8-E5F1-AF05-9ADB-C1A379DE40C3}"
EndProject
Project("{FAE04EC0-301F-11D3-BF4B-00C04F79EFBC}") = "NavMeshComponentsEditor", "NavMeshComponentsEditor.csproj", "{08BE85E1-F1C7-52D4-8266-D23015DA836F}"
EndProject
Project("{FAE04EC0-301F-11D3-BF4B-00C04F79EFBC}") = "PackageManagerCheck", "PackageManagerCheck.csproj", "{93965FBB-F06A-6078-66C1-054F506D4B77}"
EndProject
Global
	GlobalSection(SolutionConfigurationPlatforms) = preSolution
		Debug|Any CPU = Debug|Any CPU
		Release|Any CPU = Release|Any CPU
	EndGlobalSection
	GlobalSection(ProjectConfigurationPlatforms) = postSolution
		{3F33E573-7DF0-6C7E-F4C9-0272A189373F}.Debug|Any CPU.ActiveCfg = Debug|Any CPU
		{3F33E573-7DF0-6C7E-F4C9-0272A189373F}.Debug|Any CPU.Build.0 = Debug|Any CPU
		{3F33E573-7DF0-6C7E-F4C9-0272A189373F}.Release|Any CPU.ActiveCfg = Release|Any CPU
		{3F33E573-7DF0-6C7E-F4C9-0272A189373F}.Release|Any CPU.Build.0 = Release|Any CPU
		{3040A36A-D854-7D23-DCFA-2D23D244FE40}.Debug|Any CPU.ActiveCfg = Debug|Any CPU
		{3040A36A-D854-7D23-DCFA-2D23D244FE40}.Debug|Any CPU.Build.0 = Debug|Any CPU
		{3040A36A-D854-7D23-DCFA-2D23D244FE40}.Release|Any CPU.ActiveCfg = Release|Any CPU
		{3040A36A-D854-7D23-DCFA-2D23D244FE40}.Release|Any CPU.Build.0 = Release|Any CPU
		{9360A97C-713B-DB8D-13B7-0E684E0C45B8}.Debug|Any CPU.ActiveCfg = Debug|Any CPU
		{9360A97C-713B-DB8D-13B7-0E684E0C45B8}.Debug|Any CPU.Build.0 = Debug|Any CPU
		{9360A97C-713B-DB8D-13B7-0E684E0C45B8}.Release|Any CPU.ActiveCfg = Release|Any CPU
		{9360A97C-713B-DB8D-13B7-0E684E0C45B8}.Release|Any CPU.Build.0 = Release|Any CPU
		{8459D403-1EE4-A940-C977-FD052F6E6D33}.Debug|Any CPU.ActiveCfg = Debug|Any CPU
		{8459D403-1EE4-A940-C977-FD052F6E6D33}.Debug|Any CPU.Build.0 = Debug|Any CPU
		{8459D403-1EE4-A940-C977-FD052F6E6D33}.Release|Any CPU.ActiveCfg = Release|Any CPU
		{8459D403-1EE4-A940-C977-FD052F6E6D33}.Release|Any CPU.Build.0 = Release|Any CPU
		{B124F791-BA8D-2DF6-DAAD-10539AD8E034}.Debug|Any CPU.ActiveCfg = Debug|Any CPU
		{B124F791-BA8D-2DF6-DAAD-10539AD8E034}.Debug|Any CPU.Build.0 = Debug|Any CPU
		{B124F791-BA8D-2DF6-DAAD-10539AD8E034}.Release|Any CPU.ActiveCfg = Release|Any CPU
		{B124F791-BA8D-2DF6-DAAD-10539AD8E034}.Release|Any CPU.Build.0 = Release|Any CPU
		{262F12A8-E5F1-AF05-9ADB-C1A379DE40C3}.Debug|Any CPU.ActiveCfg = Debug|Any CPU
		{262F12A8-E5F1-AF05-9ADB-C1A379DE40C3}.Debug|Any CPU.Build.0 = Debug|Any CPU
		{262F12A8-E5F1-AF05-9ADB-C1A379DE40C3}.Release|Any CPU.ActiveCfg = Release|Any CPU
		{262F12A8-E5F1-AF05-9ADB-C1A379DE40C3}.Release|Any CPU.Build.0 = Release|Any CPU
		{08BE85E1-F1C7-52D4-8266-D23015DA836F}.Debug|Any CPU.ActiveCfg = Debug|Any CPU
		{08BE85E1-F1C7-52D4-8266-D23015DA836F}.Debug|Any CPU.Build.0 = Debug|Any CPU
		{08BE85E1-F1C7-52D4-8266-D23015DA836F}.Release|Any CPU.ActiveCfg = Release|Any CPU
		{08BE85E1-F1C7-52D4-8266-D23015DA836F}.Release|Any CPU.Build.0 = Release|Any CPU
		{93965FBB-F06A-6078-66C1-054F506D4B77}.Debug|Any CPU.ActiveCfg = Debug|Any CPU
		{93965FBB-F06A-6078-66C1-054F506D4B77}.Debug|Any CPU.Build.0 = Debug|Any CPU
		{93965FBB-F06A-6078-66C1-054F506D4B77}.Release|Any CPU.ActiveCfg = Release|Any CPU
		{93965FBB-F06A-6078-66C1-054F506D4B77}.Release|Any CPU.Build.0 = Release|Any CPU
	EndGlobalSection
	GlobalSection(SolutionProperties) = preSolution
		HideSolutionNode = FALSE
	EndGlobalSection
EndGlobal
